
Microsoft Visual Studio Solution File, Format Version 12.00
# Visual Studio Version 17
VisualStudioVersion = 17.12.35527.113
MinimumVisualStudioVersion = 10.0.40219.1
Project("{FAE04EC0-301F-11D3-BF4B-00C04F79EFBC}") = "E-Commerce", "E-Commerce\E-Commerce.csproj", "{E9F5FA2E-BCE7-481B-9DDF-D6CE7C67507A}"
EndProject
Project("{FAE04EC0-301F-11D3-BF4B-00C04F79EFBC}") = "E-Commerce.Domain", "Core\E-Commerce.Domain\E-Commerce.Domain.csproj", "{77D67D5E-663C-4A01-B443-C6DB496E49EA}"
EndProject
Project("{FAE04EC0-301F-11D3-BF4B-00C04F79EFBC}") = "E-Commerce.Application.Services", "Core\E-Commerce.Application.Services\E-Commerce.Application.Services.csproj", "{300A2A9E-FFAB-4F7D-BAFC-AD52DEC1ADC9}"
EndProject
Project("{FAE04EC0-301F-11D3-BF4B-00C04F79EFBC}") = "E-Commerce.Application", "Core\E-Commerce.Application\E-Commerce.Application.csproj", "{3FD83BC8-6A2B-469C-98EA-A209393D2A1C}"
EndProject
Project("{FAE04EC0-301F-11D3-BF4B-00C04F79EFBC}") = "E-Commerce.Persistence", "Infrastructure\E-Commerce.Persistence\E-Commerce.Persistence.csproj", "{7D95B37D-3435-45CD-9777-78874B3F9443}"
EndProject
Project("{FAE04EC0-301F-11D3-BF4B-00C04F79EFBC}") = "E-Commerce.Infrastructure", "Infrastructure\E-Commerce.Infrastructure\E-Commerce.Infrastructure.csproj", "{F1AC78B4-95DE-4852-92D5-310124F22FC5}"
EndProject
Project("{2150E333-8FDC-42A3-9474-1A3956D46DE8}") = "Src", "Src", "{A8F4E5ED-EBC3-42E9-BF5F-177E71B15A43}"
EndProject
Project("{2150E333-8FDC-42A3-9474-1A3956D46DE8}") = "APIs", "APIs", "{EF8F7AB0-02C7-4A24-8F44-0A2D5BD27755}"
EndProject
Project("{2150E333-8FDC-42A3-9474-1A3956D46DE8}") = "Core", "Core", "{96ED5B04-17DF-4D68-A1FA-38EE214181C0}"
EndProject
Project("{2150E333-8FDC-42A3-9474-1A3956D46DE8}") = "Infrastructure", "Infrastructure", "{831B0F6C-68C9-4D4C-8156-EA96C2271D7E}"
EndProject
Project("{2150E333-8FDC-42A3-9474-1A3956D46DE8}") = "UI", "UI", "{D3148281-2BF3-42AD-A95B-8106E4191ACD}"
EndProject
Project("{2150E333-8FDC-42A3-9474-1A3956D46DE8}") = "Client", "Client", "{487E1C7A-C6EA-4FF7-BEF9-69CCD2DDFEEE}"
EndProject
Project("{2150E333-8FDC-42A3-9474-1A3956D46DE8}") = "Dashboard", "Dashboard", "{1A20834E-0C0E-429D-8159-3487B76962CA}"
EndProject
Global
	GlobalSection(SolutionConfigurationPlatforms) = preSolution
		Debug|Any CPU = Debug|Any CPU
		Release|Any CPU = Release|Any CPU
	EndGlobalSection
	GlobalSection(ProjectConfigurationPlatforms) = postSolution
		{E9F5FA2E-BCE7-481B-9DDF-D6CE7C67507A}.Debug|Any CPU.ActiveCfg = Debug|Any CPU
		{E9F5FA2E-BCE7-481B-9DDF-D6CE7C67507A}.Debug|Any CPU.Build.0 = Debug|Any CPU
		{E9F5FA2E-BCE7-481B-9DDF-D6CE7C67507A}.Release|Any CPU.ActiveCfg = Release|Any CPU
		{E9F5FA2E-BCE7-481B-9DDF-D6CE7C67507A}.Release|Any CPU.Build.0 = Release|Any CPU
		{77D67D5E-663C-4A01-B443-C6DB496E49EA}.Debug|Any CPU.ActiveCfg = Debug|Any CPU
		{77D67D5E-663C-4A01-B443-C6DB496E49EA}.Debug|Any CPU.Build.0 = Debug|Any CPU
		{77D67D5E-663C-4A01-B443-C6DB496E49EA}.Release|Any CPU.ActiveCfg = Release|Any CPU
		{77D67D5E-663C-4A01-B443-C6DB496E49EA}.Release|Any CPU.Build.0 = Release|Any CPU
		{300A2A9E-FFAB-4F7D-BAFC-AD52DEC1ADC9}.Debug|Any CPU.ActiveCfg = Debug|Any CPU
		{300A2A9E-FFAB-4F7D-BAFC-AD52DEC1ADC9}.Debug|Any CPU.Build.0 = Debug|Any CPU
		{300A2A9E-FFAB-4F7D-BAFC-AD52DEC1ADC9}.Release|Any CPU.ActiveCfg = Release|Any CPU
		{300A2A9E-FFAB-4F7D-BAFC-AD52DEC1ADC9}.Release|Any CPU.Build.0 = Release|Any CPU
		{3FD83BC8-6A2B-469C-98EA-A209393D2A1C}.Debug|Any CPU.ActiveCfg = Debug|Any CPU
		{3FD83BC8-6A2B-469C-98EA-A209393D2A1C}.Debug|Any CPU.Build.0 = Debug|Any CPU
		{3FD83BC8-6A2B-469C-98EA-A209393D2A1C}.Release|Any CPU.ActiveCfg = Release|Any CPU
		{3FD83BC8-6A2B-469C-98EA-A209393D2A1C}.Release|Any CPU.Build.0 = Release|Any CPU
		{7D95B37D-3435-45CD-9777-78874B3F9443}.Debug|Any CPU.ActiveCfg = Debug|Any CPU
		{7D95B37D-3435-45CD-9777-78874B3F9443}.Debug|Any CPU.Build.0 = Debug|Any CPU
		{7D95B37D-3435-45CD-9777-78874B3F9443}.Release|Any CPU.ActiveCfg = Release|Any CPU
		{7D95B37D-3435-45CD-9777-78874B3F9443}.Release|Any CPU.Build.0 = Release|Any CPU
		{F1AC78B4-95DE-4852-92D5-310124F22FC5}.Debug|Any CPU.ActiveCfg = Debug|Any CPU
		{F1AC78B4-95DE-4852-92D5-310124F22FC5}.Debug|Any CPU.Build.0 = Debug|Any CPU
		{F1AC78B4-95DE-4852-92D5-310124F22FC5}.Release|Any CPU.ActiveCfg = Release|Any CPU
		{F1AC78B4-95DE-4852-92D5-310124F22FC5}.Release|Any CPU.Build.0 = Release|Any CPU
	EndGlobalSection
	GlobalSection(SolutionProperties) = preSolution
		HideSolutionNode = FALSE
	EndGlobalSection
	GlobalSection(NestedProjects) = preSolution
		{E9F5FA2E-BCE7-481B-9DDF-D6CE7C67507A} = {EF8F7AB0-02C7-4A24-8F44-0A2D5BD27755}
		{77D67D5E-663C-4A01-B443-C6DB496E49EA} = {96ED5B04-17DF-4D68-A1FA-38EE214181C0}
		{300A2A9E-FFAB-4F7D-BAFC-AD52DEC1ADC9} = {96ED5B04-17DF-4D68-A1FA-38EE214181C0}
		{3FD83BC8-6A2B-469C-98EA-A209393D2A1C} = {96ED5B04-17DF-4D68-A1FA-38EE214181C0}
		{7D95B37D-3435-45CD-9777-78874B3F9443} = {831B0F6C-68C9-4D4C-8156-EA96C2271D7E}
		{F1AC78B4-95DE-4852-92D5-310124F22FC5} = {831B0F6C-68C9-4D4C-8156-EA96C2271D7E}
		{EF8F7AB0-02C7-4A24-8F44-0A2D5BD27755} = {A8F4E5ED-EBC3-42E9-BF5F-177E71B15A43}
		{96ED5B04-17DF-4D68-A1FA-38EE214181C0} = {A8F4E5ED-EBC3-42E9-BF5F-177E71B15A43}
		{831B0F6C-68C9-4D4C-8156-EA96C2271D7E} = {A8F4E5ED-EBC3-42E9-BF5F-177E71B15A43}
		{D3148281-2BF3-42AD-A95B-8106E4191ACD} = {A8F4E5ED-EBC3-42E9-BF5F-177E71B15A43}
		{487E1C7A-C6EA-4FF7-BEF9-69CCD2DDFEEE} = {D3148281-2BF3-42AD-A95B-8106E4191ACD}
		{1A20834E-0C0E-429D-8159-3487B76962CA} = {D3148281-2BF3-42AD-A95B-8106E4191ACD}
	EndGlobalSection
EndGlobal
